
Microsoft Visual Studio Solution File, Format Version 12.00
# Visual Studio Version 16
VisualStudioVersion = 16.0.34407.143
MinimumVisualStudioVersion = 10.0.40219.1
Project("{FAE04EC0-301F-11D3-BF4B-00C04F79EFBC}") = "ProjectPhase1", "ProjectPhase1\ProjectPhase1.csproj", "{91B97591-D398-42B2-9C26-02DDC8A69D92}"
EndProject
Global
	GlobalSection(SolutionConfigurationPlatforms) = preSolution
		Debug|Any CPU = Debug|Any CPU
		Release|Any CPU = Release|Any CPU
	EndGlobalSection
	GlobalSection(ProjectConfigurationPlatforms) = postSolution
		{91B97591-D398-42B2-9C26-02DDC8A69D92}.Debug|Any CPU.ActiveCfg = Debug|Any CPU
		{91B97591-D398-42B2-9C26-02DDC8A69D92}.Debug|Any CPU.Build.0 = Debug|Any CPU
		{91B97591-D398-42B2-9C26-02DDC8A69D92}.Release|Any CPU.ActiveCfg = Release|Any CPU
		{91B97591-D398-42B2-9C26-02DDC8A69D92}.Release|Any CPU.Build.0 = Release|Any CPU
	EndGlobalSection
	GlobalSection(SolutionProperties) = preSolution
		HideSolutionNode = FALSE
	EndGlobalSection
	GlobalSection(ExtensibilityGlobals) = postSolution
		SolutionGuid = {C769DF1F-62D9-43FF-82AB-5AF52290D1D3}
	EndGlobalSection
EndGlobal
